
Microsoft Visual Studio Solution File, Format Version 12.00
# Visual Studio Version 17
VisualStudioVersion = 17.4.33122.133
MinimumVisualStudioVersion = 10.0.40219.1
Project("{FAE04EC0-301F-11D3-BF4B-00C04F79EFBC}") = "memoria dinamica", "memoria dinamica\memoria dinamica.csproj", "{EF17C40D-B75F-4D12-A51C-959E4223D05A}"
EndProject
Global
	GlobalSection(SolutionConfigurationPlatforms) = preSolution
		Debug|Any CPU = Debug|Any CPU
		Release|Any CPU = Release|Any CPU
	EndGlobalSection
	GlobalSection(ProjectConfigurationPlatforms) = postSolution
		{EF17C40D-B75F-4D12-A51C-959E4223D05A}.Debug|Any CPU.ActiveCfg = Debug|Any CPU
		{EF17C40D-B75F-4D12-A51C-959E4223D05A}.Debug|Any CPU.Build.0 = Debug|Any CPU
		{EF17C40D-B75F-4D12-A51C-959E4223D05A}.Release|Any CPU.ActiveCfg = Release|Any CPU
		{EF17C40D-B75F-4D12-A51C-959E4223D05A}.Release|Any CPU.Build.0 = Release|Any CPU
	EndGlobalSection
	GlobalSection(SolutionProperties) = preSolution
		HideSolutionNode = FALSE
	EndGlobalSection
	GlobalSection(ExtensibilityGlobals) = postSolution
		SolutionGuid = {CFA4882C-F9DD-4D1E-9289-68112F365563}
	EndGlobalSection
EndGlobal
